
Microsoft Visual Studio Solution File, Format Version 12.00
# Visual Studio Version 17
VisualStudioVersion = 17.2.32516.85
MinimumVisualStudioVersion = 10.0.40219.1
Project("{9A19103F-16F7-4668-BE54-9A1E7A4F7556}") = "OnlineDatingApi", "OnlineDatingApi\OnlineDatingApi.csproj", "{EBACEB21-8D71-46D2-A120-B46263DACC70}"
EndProject
Project("{9A19103F-16F7-4668-BE54-9A1E7A4F7556}") = "OnlineDatingApi.Data", "OnlineDatingApi.Data\OnlineDatingApi.Data.csproj", "{7032E31F-FC38-4974-AF68-3752778D20AD}"
EndProject
Project("{9A19103F-16F7-4668-BE54-9A1E7A4F7556}") = "OnlineDatingApi.Core", "OnlineDatingApi.Core\OnlineDatingApi.Core.csproj", "{24DA9F48-4077-4C28-8B8C-E446EC8AD94C}"
EndProject
Global
	GlobalSection(SolutionConfigurationPlatforms) = preSolution
		Debug|Any CPU = Debug|Any CPU
		Release|Any CPU = Release|Any CPU
	EndGlobalSection
	GlobalSection(ProjectConfigurationPlatforms) = postSolution
		{EBACEB21-8D71-46D2-A120-B46263DACC70}.Debug|Any CPU.ActiveCfg = Debug|Any CPU
		{EBACEB21-8D71-46D2-A120-B46263DACC70}.Debug|Any CPU.Build.0 = Debug|Any CPU
		{EBACEB21-8D71-46D2-A120-B46263DACC70}.Release|Any CPU.ActiveCfg = Release|Any CPU
		{EBACEB21-8D71-46D2-A120-B46263DACC70}.Release|Any CPU.Build.0 = Release|Any CPU
		{7032E31F-FC38-4974-AF68-3752778D20AD}.Debug|Any CPU.ActiveCfg = Debug|Any CPU
		{7032E31F-FC38-4974-AF68-3752778D20AD}.Debug|Any CPU.Build.0 = Debug|Any CPU
		{7032E31F-FC38-4974-AF68-3752778D20AD}.Release|Any CPU.ActiveCfg = Release|Any CPU
		{7032E31F-FC38-4974-AF68-3752778D20AD}.Release|Any CPU.Build.0 = Release|Any CPU
		{24DA9F48-4077-4C28-8B8C-E446EC8AD94C}.Debug|Any CPU.ActiveCfg = Debug|Any CPU
		{24DA9F48-4077-4C28-8B8C-E446EC8AD94C}.Debug|Any CPU.Build.0 = Debug|Any CPU
		{24DA9F48-4077-4C28-8B8C-E446EC8AD94C}.Release|Any CPU.ActiveCfg = Release|Any CPU
		{24DA9F48-4077-4C28-8B8C-E446EC8AD94C}.Release|Any CPU.Build.0 = Release|Any CPU
	EndGlobalSection
	GlobalSection(SolutionProperties) = preSolution
		HideSolutionNode = FALSE
	EndGlobalSection
	GlobalSection(ExtensibilityGlobals) = postSolution
		SolutionGuid = {B9CD655B-DEA1-4012-9F13-601A620B01BB}
	EndGlobalSection
EndGlobal
